
Microsoft Visual Studio Solution File, Format Version 12.00
# Visual Studio 15
VisualStudioVersion = 15.0.27703.2042
MinimumVisualStudioVersion = 10.0.40219.1
Project("{FAE04EC0-301F-11D3-BF4B-00C04F79EFBC}") = "Lab1(Angular2.0)", "Lab1(Angular2.0)\Lab1(Angular2.0).csproj", "{A99BF85A-80B0-423E-9B45-FA168C821944}"
EndProject
Project("{FAE04EC0-301F-11D3-BF4B-00C04F79EFBC}") = "CustomerAPI", "CustomerAPI\CustomerAPI.csproj", "{80DB9BC7-A2DE-4CE6-9780-8E2C19B07AE1}"
EndProject
Global
	GlobalSection(SolutionConfigurationPlatforms) = preSolution
		Debug|Any CPU = Debug|Any CPU
		Release|Any CPU = Release|Any CPU
	EndGlobalSection
	GlobalSection(ProjectConfigurationPlatforms) = postSolution
		{A99BF85A-80B0-423E-9B45-FA168C821944}.Debug|Any CPU.ActiveCfg = Debug|Any CPU
		{A99BF85A-80B0-423E-9B45-FA168C821944}.Debug|Any CPU.Build.0 = Debug|Any CPU
		{A99BF85A-80B0-423E-9B45-FA168C821944}.Release|Any CPU.ActiveCfg = Release|Any CPU
		{A99BF85A-80B0-423E-9B45-FA168C821944}.Release|Any CPU.Build.0 = Release|Any CPU
		{80DB9BC7-A2DE-4CE6-9780-8E2C19B07AE1}.Debug|Any CPU.ActiveCfg = Debug|Any CPU
		{80DB9BC7-A2DE-4CE6-9780-8E2C19B07AE1}.Debug|Any CPU.Build.0 = Debug|Any CPU
		{80DB9BC7-A2DE-4CE6-9780-8E2C19B07AE1}.Release|Any CPU.ActiveCfg = Release|Any CPU
		{80DB9BC7-A2DE-4CE6-9780-8E2C19B07AE1}.Release|Any CPU.Build.0 = Release|Any CPU
	EndGlobalSection
	GlobalSection(SolutionProperties) = preSolution
		HideSolutionNode = FALSE
	EndGlobalSection
	GlobalSection(ExtensibilityGlobals) = postSolution
		SolutionGuid = {A8BDFB26-4D44-4B7D-BC27-592A5FD6ADBE}
	EndGlobalSection
EndGlobal
